
Microsoft Visual Studio Solution File, Format Version 12.00
# Visual Studio Version 16
VisualStudioVersion = 16.0.29306.81
MinimumVisualStudioVersion = 10.0.40219.1
Project("{FAE04EC0-301F-11D3-BF4B-00C04F79EFBC}") = "WebApplication1", "WebApplication1.csproj", "{BA9E3E2A-AEA9-4270-BFFC-6F3B7CA7853A}"
EndProject
Project("{FAE04EC0-301F-11D3-BF4B-00C04F79EFBC}") = "WebApplication1.Tests", "..\WebApplication1.Tests\WebApplication1.Tests.csproj", "{AC7D6B3B-2058-48D0-88E0-91216B099B14}"
EndProject
Global
	GlobalSection(SolutionConfigurationPlatforms) = preSolution
		Debug|Any CPU = Debug|Any CPU
		Release|Any CPU = Release|Any CPU
	EndGlobalSection
	GlobalSection(ProjectConfigurationPlatforms) = postSolution
		{BA9E3E2A-AEA9-4270-BFFC-6F3B7CA7853A}.Debug|Any CPU.ActiveCfg = Debug|Any CPU
		{BA9E3E2A-AEA9-4270-BFFC-6F3B7CA7853A}.Debug|Any CPU.Build.0 = Debug|Any CPU
		{BA9E3E2A-AEA9-4270-BFFC-6F3B7CA7853A}.Release|Any CPU.ActiveCfg = Release|Any CPU
		{BA9E3E2A-AEA9-4270-BFFC-6F3B7CA7853A}.Release|Any CPU.Build.0 = Release|Any CPU
		{AC7D6B3B-2058-48D0-88E0-91216B099B14}.Debug|Any CPU.ActiveCfg = Debug|Any CPU
		{AC7D6B3B-2058-48D0-88E0-91216B099B14}.Debug|Any CPU.Build.0 = Debug|Any CPU
		{AC7D6B3B-2058-48D0-88E0-91216B099B14}.Release|Any CPU.ActiveCfg = Release|Any CPU
		{AC7D6B3B-2058-48D0-88E0-91216B099B14}.Release|Any CPU.Build.0 = Release|Any CPU
	EndGlobalSection
	GlobalSection(SolutionProperties) = preSolution
		HideSolutionNode = FALSE
	EndGlobalSection
	GlobalSection(ExtensibilityGlobals) = postSolution
		SolutionGuid = {D69B8441-1B94-4F7A-AA43-4EEAA88466A4}
	EndGlobalSection
EndGlobal
